
Microsoft Visual Studio Solution File, Format Version 12.00
# Visual Studio Version 17
VisualStudioVersion = 17.6.33815.320
MinimumVisualStudioVersion = 10.0.40219.1
Project("{9A19103F-16F7-4668-BE54-9A1E7A4F7556}") = "WpfApp1", "WpfApp1\WpfApp1.csproj", "{BB585A3C-6BD3-487B-8178-A5A6AE0AD6F3}"
EndProject
Project("{FAE04EC0-301F-11D3-BF4B-00C04F79EFBC}") = "LibMas1", "ClassLibrary2\LibMas1.csproj", "{A0F7E97F-B5DE-42C7-9E74-D0F2DE7C8471}"
EndProject
Global
	GlobalSection(SolutionConfigurationPlatforms) = preSolution
		Debug|Any CPU = Debug|Any CPU
		Release|Any CPU = Release|Any CPU
	EndGlobalSection
	GlobalSection(ProjectConfigurationPlatforms) = postSolution
		{BB585A3C-6BD3-487B-8178-A5A6AE0AD6F3}.Debug|Any CPU.ActiveCfg = Debug|Any CPU
		{BB585A3C-6BD3-487B-8178-A5A6AE0AD6F3}.Debug|Any CPU.Build.0 = Debug|Any CPU
		{BB585A3C-6BD3-487B-8178-A5A6AE0AD6F3}.Release|Any CPU.ActiveCfg = Release|Any CPU
		{BB585A3C-6BD3-487B-8178-A5A6AE0AD6F3}.Release|Any CPU.Build.0 = Release|Any CPU
		{A0F7E97F-B5DE-42C7-9E74-D0F2DE7C8471}.Debug|Any CPU.ActiveCfg = Debug|Any CPU
		{A0F7E97F-B5DE-42C7-9E74-D0F2DE7C8471}.Debug|Any CPU.Build.0 = Debug|Any CPU
		{A0F7E97F-B5DE-42C7-9E74-D0F2DE7C8471}.Release|Any CPU.ActiveCfg = Release|Any CPU
		{A0F7E97F-B5DE-42C7-9E74-D0F2DE7C8471}.Release|Any CPU.Build.0 = Release|Any CPU
	EndGlobalSection
	GlobalSection(SolutionProperties) = preSolution
		HideSolutionNode = FALSE
	EndGlobalSection
	GlobalSection(ExtensibilityGlobals) = postSolution
		SolutionGuid = {4A1B1969-E8DB-430A-882A-1E5532444AF3}
	EndGlobalSection
EndGlobal
